
Microsoft Visual Studio Solution File, Format Version 12.00
# Visual Studio Version 17
VisualStudioVersion = 17.13.35605.110
MinimumVisualStudioVersion = 10.0.40219.1
Project("{FAE04EC0-301F-11D3-BF4B-00C04F79EFBC}") = "LibrarySystemApi", "LibrarySystemApi\LibrarySystemApi.csproj", "{635FB643-3974-44D5-A93B-5906D192E32C}"
EndProject
Project("{2150E333-8FDC-42A3-9474-1A3956D46DE8}") = "Api", "Api", "{02EA681E-C7D8-13C7-8484-4AC65E1B71E8}"
EndProject
Project("{2150E333-8FDC-42A3-9474-1A3956D46DE8}") = "User", "User", "{84E4FBA7-C1C8-4E81-B2F7-BB9AEC883A5E}"
EndProject
Project("{2150E333-8FDC-42A3-9474-1A3956D46DE8}") = "Book", "Book", "{F786583A-AB03-499F-A0B0-1DFC04EE0A53}"
EndProject
Project("{2150E333-8FDC-42A3-9474-1A3956D46DE8}") = "Loan", "Loan", "{4482A0F3-E5C1-4EBE-95C8-A975FF0B7878}"
EndProject
Project("{2150E333-8FDC-42A3-9474-1A3956D46DE8}") = "BookReturn", "BookReturn", "{115515F3-ACDC-4E2D-AB07-507A117D8EA1}"
EndProject
Project("{2150E333-8FDC-42A3-9474-1A3956D46DE8}") = "Shared", "Shared", "{C7206093-7BAA-4D54-9156-AFD29CCA3D6D}"
EndProject
Project("{FAE04EC0-301F-11D3-BF4B-00C04F79EFBC}") = "Book.Domain", "Domain\Book.Domain.csproj", "{28044EFC-C583-497D-B391-CFC08F1BD9E9}"
EndProject
Project("{FAE04EC0-301F-11D3-BF4B-00C04F79EFBC}") = "Book.Application", "Application\Book.Application.csproj", "{B2B159CE-74C2-43EE-9F8F-7BF726540B0A}"
EndProject
Project("{FAE04EC0-301F-11D3-BF4B-00C04F79EFBC}") = "Book.Infrastructure", "Infrastructure\Book.Infrastructure.csproj", "{45514AFB-ED27-4554-9EEC-31741B2C0A91}"
EndProject
Project("{FAE04EC0-301F-11D3-BF4B-00C04F79EFBC}") = "BookReturn.Domain", "BookReturn.Domain\BookReturn.Domain.csproj", "{CD92444C-BA29-409A-8833-295AA2BC9282}"
EndProject
Project("{FAE04EC0-301F-11D3-BF4B-00C04F79EFBC}") = "BookReturn.Application", "BookReturn.Application\BookReturn.Application.csproj", "{59B90479-0A49-4893-8D39-907AD56845E7}"
EndProject
Project("{FAE04EC0-301F-11D3-BF4B-00C04F79EFBC}") = "BookReturn.Infrastructure", "BookReturn.Infrastructure\BookReturn.Infrastructure.csproj", "{7D8E6A02-9983-400B-BA7D-AFBFA8AA61CA}"
EndProject
Project("{FAE04EC0-301F-11D3-BF4B-00C04F79EFBC}") = "Loan.Domain", "Loan.Domain\Loan.Domain.csproj", "{774A9E04-D4C2-4E84-8BA7-26B78525D0B6}"
EndProject
Project("{FAE04EC0-301F-11D3-BF4B-00C04F79EFBC}") = "Loan.Application", "Loan.Application\Loan.Application.csproj", "{42853D3F-4279-4DEE-84E8-E4B2297815BC}"
EndProject
Project("{FAE04EC0-301F-11D3-BF4B-00C04F79EFBC}") = "Loan.Infrastructure", "Loan.Infrastructure\Loan.Infrastructure.csproj", "{D75BA374-7B1E-4BFB-9E85-2A50F4E6931C}"
EndProject
Project("{FAE04EC0-301F-11D3-BF4B-00C04F79EFBC}") = "User.Domain", "User.Domain\User.Domain.csproj", "{2456E48C-8E51-4396-AECE-CCE3C1DAA86C}"
EndProject
Project("{FAE04EC0-301F-11D3-BF4B-00C04F79EFBC}") = "User.Application", "User.Application\User.Application.csproj", "{B7D3EA02-7326-4AC1-84EC-17A99B9C5572}"
EndProject
Project("{FAE04EC0-301F-11D3-BF4B-00C04F79EFBC}") = "User.Infrastructure", "User.Infrastructure\User.Infrastructure.csproj", "{713C4EC9-9B13-434C-9009-34C9C68BC00F}"
EndProject
Project("{FAE04EC0-301F-11D3-BF4B-00C04F79EFBC}") = "Shared.Domain", "Shared.Domain\Shared.Domain.csproj", "{73BCF4B8-29F8-45FD-878E-183F7811CAC4}"
EndProject
Project("{FAE04EC0-301F-11D3-BF4B-00C04F79EFBC}") = "Shared.Application", "Shared.Application\Shared.Application.csproj", "{60A32FF1-3530-488A-911C-639DB4FF27F3}"
EndProject
Project("{FAE04EC0-301F-11D3-BF4B-00C04F79EFBC}") = "Shared.Infrastructure", "Shared.Infrastructure\Shared.Infrastructure.csproj", "{5A1479FB-1A8D-4B74-AE2D-029D3576ED8C}"
EndProject
Global
	GlobalSection(SolutionConfigurationPlatforms) = preSolution
		Debug|Any CPU = Debug|Any CPU
		Release|Any CPU = Release|Any CPU
	EndGlobalSection
	GlobalSection(ProjectConfigurationPlatforms) = postSolution
		{635FB643-3974-44D5-A93B-5906D192E32C}.Debug|Any CPU.ActiveCfg = Debug|Any CPU
		{635FB643-3974-44D5-A93B-5906D192E32C}.Debug|Any CPU.Build.0 = Debug|Any CPU
		{635FB643-3974-44D5-A93B-5906D192E32C}.Release|Any CPU.ActiveCfg = Release|Any CPU
		{635FB643-3974-44D5-A93B-5906D192E32C}.Release|Any CPU.Build.0 = Release|Any CPU
		{28044EFC-C583-497D-B391-CFC08F1BD9E9}.Debug|Any CPU.ActiveCfg = Debug|Any CPU
		{28044EFC-C583-497D-B391-CFC08F1BD9E9}.Debug|Any CPU.Build.0 = Debug|Any CPU
		{28044EFC-C583-497D-B391-CFC08F1BD9E9}.Release|Any CPU.ActiveCfg = Release|Any CPU
		{28044EFC-C583-497D-B391-CFC08F1BD9E9}.Release|Any CPU.Build.0 = Release|Any CPU
		{B2B159CE-74C2-43EE-9F8F-7BF726540B0A}.Debug|Any CPU.ActiveCfg = Debug|Any CPU
		{B2B159CE-74C2-43EE-9F8F-7BF726540B0A}.Debug|Any CPU.Build.0 = Debug|Any CPU
		{B2B159CE-74C2-43EE-9F8F-7BF726540B0A}.Release|Any CPU.ActiveCfg = Release|Any CPU
		{B2B159CE-74C2-43EE-9F8F-7BF726540B0A}.Release|Any CPU.Build.0 = Release|Any CPU
		{45514AFB-ED27-4554-9EEC-31741B2C0A91}.Debug|Any CPU.ActiveCfg = Debug|Any CPU
		{45514AFB-ED27-4554-9EEC-31741B2C0A91}.Debug|Any CPU.Build.0 = Debug|Any CPU
		{45514AFB-ED27-4554-9EEC-31741B2C0A91}.Release|Any CPU.ActiveCfg = Release|Any CPU
		{45514AFB-ED27-4554-9EEC-31741B2C0A91}.Release|Any CPU.Build.0 = Release|Any CPU
		{CD92444C-BA29-409A-8833-295AA2BC9282}.Debug|Any CPU.ActiveCfg = Debug|Any CPU
		{CD92444C-BA29-409A-8833-295AA2BC9282}.Debug|Any CPU.Build.0 = Debug|Any CPU
		{CD92444C-BA29-409A-8833-295AA2BC9282}.Release|Any CPU.ActiveCfg = Release|Any CPU
		{CD92444C-BA29-409A-8833-295AA2BC9282}.Release|Any CPU.Build.0 = Release|Any CPU
		{59B90479-0A49-4893-8D39-907AD56845E7}.Debug|Any CPU.ActiveCfg = Debug|Any CPU
		{59B90479-0A49-4893-8D39-907AD56845E7}.Debug|Any CPU.Build.0 = Debug|Any CPU
		{59B90479-0A49-4893-8D39-907AD56845E7}.Release|Any CPU.ActiveCfg = Release|Any CPU
		{59B90479-0A49-4893-8D39-907AD56845E7}.Release|Any CPU.Build.0 = Release|Any CPU
		{7D8E6A02-9983-400B-BA7D-AFBFA8AA61CA}.Debug|Any CPU.ActiveCfg = Debug|Any CPU
		{7D8E6A02-9983-400B-BA7D-AFBFA8AA61CA}.Debug|Any CPU.Build.0 = Debug|Any CPU
		{7D8E6A02-9983-400B-BA7D-AFBFA8AA61CA}.Release|Any CPU.ActiveCfg = Release|Any CPU
		{7D8E6A02-9983-400B-BA7D-AFBFA8AA61CA}.Release|Any CPU.Build.0 = Release|Any CPU
		{774A9E04-D4C2-4E84-8BA7-26B78525D0B6}.Debug|Any CPU.ActiveCfg = Debug|Any CPU
		{774A9E04-D4C2-4E84-8BA7-26B78525D0B6}.Debug|Any CPU.Build.0 = Debug|Any CPU
		{774A9E04-D4C2-4E84-8BA7-26B78525D0B6}.Release|Any CPU.ActiveCfg = Release|Any CPU
		{774A9E04-D4C2-4E84-8BA7-26B78525D0B6}.Release|Any CPU.Build.0 = Release|Any CPU
		{42853D3F-4279-4DEE-84E8-E4B2297815BC}.Debug|Any CPU.ActiveCfg = Debug|Any CPU
		{42853D3F-4279-4DEE-84E8-E4B2297815BC}.Debug|Any CPU.Build.0 = Debug|Any CPU
		{42853D3F-4279-4DEE-84E8-E4B2297815BC}.Release|Any CPU.ActiveCfg = Release|Any CPU
		{42853D3F-4279-4DEE-84E8-E4B2297815BC}.Release|Any CPU.Build.0 = Release|Any CPU
		{D75BA374-7B1E-4BFB-9E85-2A50F4E6931C}.Debug|Any CPU.ActiveCfg = Debug|Any CPU
		{D75BA374-7B1E-4BFB-9E85-2A50F4E6931C}.Debug|Any CPU.Build.0 = Debug|Any CPU
		{D75BA374-7B1E-4BFB-9E85-2A50F4E6931C}.Release|Any CPU.ActiveCfg = Release|Any CPU
		{D75BA374-7B1E-4BFB-9E85-2A50F4E6931C}.Release|Any CPU.Build.0 = Release|Any CPU
		{2456E48C-8E51-4396-AECE-CCE3C1DAA86C}.Debug|Any CPU.ActiveCfg = Debug|Any CPU
		{2456E48C-8E51-4396-AECE-CCE3C1DAA86C}.Debug|Any CPU.Build.0 = Debug|Any CPU
		{2456E48C-8E51-4396-AECE-CCE3C1DAA86C}.Release|Any CPU.ActiveCfg = Release|Any CPU
		{2456E48C-8E51-4396-AECE-CCE3C1DAA86C}.Release|Any CPU.Build.0 = Release|Any CPU
		{B7D3EA02-7326-4AC1-84EC-17A99B9C5572}.Debug|Any CPU.ActiveCfg = Debug|Any CPU
		{B7D3EA02-7326-4AC1-84EC-17A99B9C5572}.Debug|Any CPU.Build.0 = Debug|Any CPU
		{B7D3EA02-7326-4AC1-84EC-17A99B9C5572}.Release|Any CPU.ActiveCfg = Release|Any CPU
		{B7D3EA02-7326-4AC1-84EC-17A99B9C5572}.Release|Any CPU.Build.0 = Release|Any CPU
		{713C4EC9-9B13-434C-9009-34C9C68BC00F}.Debug|Any CPU.ActiveCfg = Debug|Any CPU
		{713C4EC9-9B13-434C-9009-34C9C68BC00F}.Debug|Any CPU.Build.0 = Debug|Any CPU
		{713C4EC9-9B13-434C-9009-34C9C68BC00F}.Release|Any CPU.ActiveCfg = Release|Any CPU
		{713C4EC9-9B13-434C-9009-34C9C68BC00F}.Release|Any CPU.Build.0 = Release|Any CPU
		{73BCF4B8-29F8-45FD-878E-183F7811CAC4}.Debug|Any CPU.ActiveCfg = Debug|Any CPU
		{73BCF4B8-29F8-45FD-878E-183F7811CAC4}.Debug|Any CPU.Build.0 = Debug|Any CPU
		{73BCF4B8-29F8-45FD-878E-183F7811CAC4}.Release|Any CPU.ActiveCfg = Release|Any CPU
		{73BCF4B8-29F8-45FD-878E-183F7811CAC4}.Release|Any CPU.Build.0 = Release|Any CPU
		{60A32FF1-3530-488A-911C-639DB4FF27F3}.Debug|Any CPU.ActiveCfg = Debug|Any CPU
		{60A32FF1-3530-488A-911C-639DB4FF27F3}.Debug|Any CPU.Build.0 = Debug|Any CPU
		{60A32FF1-3530-488A-911C-639DB4FF27F3}.Release|Any CPU.ActiveCfg = Release|Any CPU
		{60A32FF1-3530-488A-911C-639DB4FF27F3}.Release|Any CPU.Build.0 = Release|Any CPU
		{5A1479FB-1A8D-4B74-AE2D-029D3576ED8C}.Debug|Any CPU.ActiveCfg = Debug|Any CPU
		{5A1479FB-1A8D-4B74-AE2D-029D3576ED8C}.Debug|Any CPU.Build.0 = Debug|Any CPU
		{5A1479FB-1A8D-4B74-AE2D-029D3576ED8C}.Release|Any CPU.ActiveCfg = Release|Any CPU
		{5A1479FB-1A8D-4B74-AE2D-029D3576ED8C}.Release|Any CPU.Build.0 = Release|Any CPU
	EndGlobalSection
	GlobalSection(SolutionProperties) = preSolution
		HideSolutionNode = FALSE
	EndGlobalSection
	GlobalSection(NestedProjects) = preSolution
		{635FB643-3974-44D5-A93B-5906D192E32C} = {02EA681E-C7D8-13C7-8484-4AC65E1B71E8}
		{28044EFC-C583-497D-B391-CFC08F1BD9E9} = {F786583A-AB03-499F-A0B0-1DFC04EE0A53}
		{B2B159CE-74C2-43EE-9F8F-7BF726540B0A} = {F786583A-AB03-499F-A0B0-1DFC04EE0A53}
		{45514AFB-ED27-4554-9EEC-31741B2C0A91} = {F786583A-AB03-499F-A0B0-1DFC04EE0A53}
		{CD92444C-BA29-409A-8833-295AA2BC9282} = {115515F3-ACDC-4E2D-AB07-507A117D8EA1}
		{59B90479-0A49-4893-8D39-907AD56845E7} = {115515F3-ACDC-4E2D-AB07-507A117D8EA1}
		{7D8E6A02-9983-400B-BA7D-AFBFA8AA61CA} = {115515F3-ACDC-4E2D-AB07-507A117D8EA1}
		{774A9E04-D4C2-4E84-8BA7-26B78525D0B6} = {4482A0F3-E5C1-4EBE-95C8-A975FF0B7878}
		{42853D3F-4279-4DEE-84E8-E4B2297815BC} = {4482A0F3-E5C1-4EBE-95C8-A975FF0B7878}
		{D75BA374-7B1E-4BFB-9E85-2A50F4E6931C} = {4482A0F3-E5C1-4EBE-95C8-A975FF0B7878}
		{2456E48C-8E51-4396-AECE-CCE3C1DAA86C} = {84E4FBA7-C1C8-4E81-B2F7-BB9AEC883A5E}
		{B7D3EA02-7326-4AC1-84EC-17A99B9C5572} = {84E4FBA7-C1C8-4E81-B2F7-BB9AEC883A5E}
		{713C4EC9-9B13-434C-9009-34C9C68BC00F} = {84E4FBA7-C1C8-4E81-B2F7-BB9AEC883A5E}
		{73BCF4B8-29F8-45FD-878E-183F7811CAC4} = {C7206093-7BAA-4D54-9156-AFD29CCA3D6D}
		{60A32FF1-3530-488A-911C-639DB4FF27F3} = {C7206093-7BAA-4D54-9156-AFD29CCA3D6D}
		{5A1479FB-1A8D-4B74-AE2D-029D3576ED8C} = {C7206093-7BAA-4D54-9156-AFD29CCA3D6D}
	EndGlobalSection
	GlobalSection(ExtensibilityGlobals) = postSolution
		SolutionGuid = {BF4D950B-7D64-424F-B0E3-B33CB40D10A3}
	EndGlobalSection
EndGlobal
