
Microsoft Visual Studio Solution File, Format Version 12.00
# Visual Studio Version 17
VisualStudioVersion = 17.13.35605.110
MinimumVisualStudioVersion = 10.0.40219.1
Project("{FAE04EC0-301F-11D3-BF4B-00C04F79EFBC}") = "LibrarySystemApi", "LibrarySystemApi\LibrarySystemApi.csproj", "{635FB643-3974-44D5-A93B-5906D192E32C}"
EndProject
Project("{2150E333-8FDC-42A3-9474-1A3956D46DE8}") = "Api", "Api", "{02EA681E-C7D8-13C7-8484-4AC65E1B71E8}"
EndProject
Project("{2150E333-8FDC-42A3-9474-1A3956D46DE8}") = "Domaina", "Domaina", "{02EA681E-C7D8-13C7-8484-4AC65E1B71E8}"
	ProjectSection(SolutionItems) = preProject
		Domain\Entities\Book.cs = Domain\Entities\Book.cs
		Shared.Domain\Enums\BookReturnStatus.cs = Shared.Domain\Enums\BookReturnStatus.cs
		Shared.Domain\Enums\Category.cs = Shared.Domain\Enums\Category.cs
		Loan.Domain\Entities\Loan.cs = Loan.Domain\Entities\Loan.cs
		Shared.Domain\Enums\LoanStatus.cs = Shared.Domain\Enums\LoanStatus.cs
		User.Domain\Entities\User.cs = User.Domain\Entities\User.cs
		Shared.Domain\Enums\UserStatus.cs = Shared.Domain\Enums\UserStatus.cs
	EndProjectSection
EndProject
Project("{2150E333-8FDC-42A3-9474-1A3956D46DE8}") = "Application", "Application", "{02EA681E-C7D8-13C7-8484-4AC65E1B71E8}"
EndProject
Project("{2150E333-8FDC-42A3-9474-1A3956D46DE8}") = "Infrastructure", "Infrastructure", "{02EA681E-C7D8-13C7-8484-4AC65E1B71E8}"
EndProject
Global
	GlobalSection(SolutionConfigurationPlatforms) = preSolution
		Debug|Any CPU = Debug|Any CPU
		Release|Any CPU = Release|Any CPU
	EndGlobalSection
	GlobalSection(ProjectConfigurationPlatforms) = postSolution
		{635FB643-3974-44D5-A93B-5906D192E32C}.Debug|Any CPU.ActiveCfg = Debug|Any CPU
		{635FB643-3974-44D5-A93B-5906D192E32C}.Debug|Any CPU.Build.0 = Debug|Any CPU
		{635FB643-3974-44D5-A93B-5906D192E32C}.Release|Any CPU.ActiveCfg = Release|Any CPU
		{635FB643-3974-44D5-A93B-5906D192E32C}.Release|Any CPU.Build.0 = Release|Any CPU
	EndGlobalSection
	GlobalSection(SolutionProperties) = preSolution
		HideSolutionNode = FALSE
	EndGlobalSection
	GlobalSection(NestedProjects) = preSolution
		{635FB643-3974-44D5-A93B-5906D192E32C} = {02EA681E-C7D8-13C7-8484-4AC65E1B71E8}
	EndGlobalSection
	GlobalSection(ExtensibilityGlobals) = postSolution
		SolutionGuid = {BF4D950B-7D64-424F-B0E3-B33CB40D10A3}
	EndGlobalSection
EndGlobal
